
Microsoft Visual Studio Solution File, Format Version 12.00
# Visual Studio Version 16
VisualStudioVersion = 16.0.32413.511
MinimumVisualStudioVersion = 10.0.40219.1
Project("{FAE04EC0-301F-11D3-BF4B-00C04F79EFBC}") = "ChessMisztal.Android", "ChessMisztal\ChessMisztal.Android\ChessMisztal.Android.csproj", "{5FD00F94-5EA7-4E4A-ABB1-3E903D496480}"
EndProject
Project("{FAE04EC0-301F-11D3-BF4B-00C04F79EFBC}") = "ChessMisztal", "ChessMisztal\ChessMisztal\ChessMisztal.csproj", "{8FEB4434-8068-494E-8B0C-60622D8502E8}"
EndProject
Global
	GlobalSection(SolutionConfigurationPlatforms) = preSolution
		Debug|Any CPU = Debug|Any CPU
		Release|Any CPU = Release|Any CPU
	EndGlobalSection
	GlobalSection(ProjectConfigurationPlatforms) = postSolution
		{5FD00F94-5EA7-4E4A-ABB1-3E903D496480}.Debug|Any CPU.ActiveCfg = Debug|Any CPU
		{5FD00F94-5EA7-4E4A-ABB1-3E903D496480}.Debug|Any CPU.Build.0 = Debug|Any CPU
		{5FD00F94-5EA7-4E4A-ABB1-3E903D496480}.Debug|Any CPU.Deploy.0 = Debug|Any CPU
		{5FD00F94-5EA7-4E4A-ABB1-3E903D496480}.Release|Any CPU.ActiveCfg = Release|Any CPU
		{5FD00F94-5EA7-4E4A-ABB1-3E903D496480}.Release|Any CPU.Build.0 = Release|Any CPU
		{5FD00F94-5EA7-4E4A-ABB1-3E903D496480}.Release|Any CPU.Deploy.0 = Release|Any CPU
		{8FEB4434-8068-494E-8B0C-60622D8502E8}.Debug|Any CPU.ActiveCfg = Debug|Any CPU
		{8FEB4434-8068-494E-8B0C-60622D8502E8}.Debug|Any CPU.Build.0 = Debug|Any CPU
		{8FEB4434-8068-494E-8B0C-60622D8502E8}.Debug|Any CPU.Deploy.0 = Debug|Any CPU
		{8FEB4434-8068-494E-8B0C-60622D8502E8}.Release|Any CPU.ActiveCfg = Release|Any CPU
		{8FEB4434-8068-494E-8B0C-60622D8502E8}.Release|Any CPU.Build.0 = Release|Any CPU
		{8FEB4434-8068-494E-8B0C-60622D8502E8}.Release|Any CPU.Deploy.0 = Release|Any CPU
	EndGlobalSection
	GlobalSection(SolutionProperties) = preSolution
		HideSolutionNode = FALSE
	EndGlobalSection
	GlobalSection(ExtensibilityGlobals) = postSolution
		SolutionGuid = {DD0E4D6A-6BC6-4CD1-A2AA-591ACACC6F5A}
	EndGlobalSection
EndGlobal
